
Microsoft Visual Studio Solution File, Format Version 12.00
# Visual Studio Version 16
VisualStudioVersion = 16.0.30804.86
MinimumVisualStudioVersion = 10.0.40219.1
Project("{9A19103F-16F7-4668-BE54-9A1E7A4F7556}") = "PasswordHashingLibrary", "PasswordHashingLibrary\PasswordHashingLibrary.csproj", "{3C045462-C01C-475E-A984-792F6EC1CCEE}"
EndProject
Global
	GlobalSection(SolutionConfigurationPlatforms) = preSolution
		Debug|Any CPU = Debug|Any CPU
		Release|Any CPU = Release|Any CPU
	EndGlobalSection
	GlobalSection(ProjectConfigurationPlatforms) = postSolution
		{3C045462-C01C-475E-A984-792F6EC1CCEE}.Debug|Any CPU.ActiveCfg = Debug|Any CPU
		{3C045462-C01C-475E-A984-792F6EC1CCEE}.Debug|Any CPU.Build.0 = Debug|Any CPU
		{3C045462-C01C-475E-A984-792F6EC1CCEE}.Release|Any CPU.ActiveCfg = Release|Any CPU
		{3C045462-C01C-475E-A984-792F6EC1CCEE}.Release|Any CPU.Build.0 = Release|Any CPU
	EndGlobalSection
	GlobalSection(SolutionProperties) = preSolution
		HideSolutionNode = FALSE
	EndGlobalSection
	GlobalSection(ExtensibilityGlobals) = postSolution
		SolutionGuid = {72AD93D8-D12F-44A4-85B6-4918AD0A0302}
	EndGlobalSection
EndGlobal
